<?xml version="1.0" encoding="utf-8"?>
<Project ToolsVersion="4.0" xmlns="http://schemas.microsoft.com/developer/msbuild/2003">
  <ItemGroup>
    <ClCompile Include="src\main.cpp" />
    <ClCompile Include="src\tools\util\button.cpp" />
    <ClCompile Include="src\tools\util\stringUtil.cpp" />
    <ClCompile Include="src\tools\util\threads.cpp" />
    <ClCompile Include="src\tools\util\Sample.cpp" />
    <ClCompile Include="src\Options.cpp" />
    <ClCompile Include="src\tools\display\Config\DEV_Config.c" />
    <ClCompile Include="src\tools\display\Config\dev_hardware_i2c.c" />
    <ClCompile Include="src\tools\display\Config\dev_hardware_SPI.c" />
    <ClCompile Include="src\tools\display\Config\sysfs_gpio.c" />
    <ClCompile Include="src\tools\display\Fonts\font8.c" />
    <ClCompile Include="src\tools\display\Fonts\font12.c" />
    <ClCompile Include="src\tools\display\Fonts\font12CN.c" />
    <ClCompile Include="src\tools\display\Fonts\font16.c" />
    <ClCompile Include="src\tools\display\Fonts\font20.c" />
    <ClCompile Include="src\tools\display\Fonts\font24.c" />
    <ClCompile Include="src\tools\display\Fonts\font24CN.c" />
    <ClCompile Include="src\tools\display\GUI\GUI_BMPfile.c" />
    <ClCompile Include="src\tools\display\GUI\GUI_Paint.c" />
    <ClCompile Include="src\tools\display\GUI\image.c" />
    <ClCompile Include="src\tools\display\LCD\LCD_2inch.c" />
    <ClCompile Include="src\Display.cpp" />
  </ItemGroup>
  <ItemGroup>
    <ClInclude Include="src\tools\include\button.h" />
    <ClInclude Include="src\tools\include\stringUtil.h" />
    <ClInclude Include="src\tools\include\threads.h" />
    <ClInclude Include="src\main.h" />
    <ClInclude Include="src\tools\include\Sample.h" />
    <ClInclude Include="src\tools\include\bcmPWMClockDivisors.h" />
    <ClInclude Include="src\Options.h" />
    <ClInclude Include="src\tools\include\mcp3008.h" />
    <ClInclude Include="src\tools\display\Config\Debug.h" />
    <ClInclude Include="src\tools\display\Config\DEV_Config.h" />
    <ClInclude Include="src\tools\display\Config\dev_hardware_i2c.h" />
    <ClInclude Include="src\tools\display\Config\dev_hardware_SPI.h" />
    <ClInclude Include="src\tools\display\Config\sysfs_gpio.h" />
    <ClInclude Include="src\tools\display\Fonts\fonts.h" />
    <ClInclude Include="src\tools\display\GUI\GUI_BMPfile.h" />
    <ClInclude Include="src\tools\display\GUI\GUI_Paint.h" />
    <ClInclude Include="src\tools\display\GUI\image.h" />
    <ClInclude Include="src\tools\display\LCD\LCD_2inch.h" />
    <ClInclude Include="src\Display.h" />
  </ItemGroup>
  <ItemGroup>
    <None Include="src\tools\display\Fonts\Release_Notes.html" />
    <None Include="src\Makefile" />
  </ItemGroup>
</Project>